
Microsoft Visual Studio Solution File, Format Version 12.00
# Visual Studio Version 17
VisualStudioVersion = 17.10.34928.147
MinimumVisualStudioVersion = 10.0.40219.1
Project("{FAE04EC0-301F-11D3-BF4B-00C04F79EFBC}") = "OgrenciAPP", "OgrenciAPP\OgrenciAPP.csproj", "{CCB874FD-F25C-454B-8563-44C7F4A0184D}"
EndProject
Global
	GlobalSection(SolutionConfigurationPlatforms) = preSolution
		Debug|Any CPU = Debug|Any CPU
		Release|Any CPU = Release|Any CPU
	EndGlobalSection
	GlobalSection(ProjectConfigurationPlatforms) = postSolution
		{CCB874FD-F25C-454B-8563-44C7F4A0184D}.Debug|Any CPU.ActiveCfg = Debug|Any CPU
		{CCB874FD-F25C-454B-8563-44C7F4A0184D}.Debug|Any CPU.Build.0 = Debug|Any CPU
		{CCB874FD-F25C-454B-8563-44C7F4A0184D}.Release|Any CPU.ActiveCfg = Release|Any CPU
		{CCB874FD-F25C-454B-8563-44C7F4A0184D}.Release|Any CPU.Build.0 = Release|Any CPU
	EndGlobalSection
	GlobalSection(SolutionProperties) = preSolution
		HideSolutionNode = FALSE
	EndGlobalSection
	GlobalSection(ExtensibilityGlobals) = postSolution
		SolutionGuid = {A3B3EA56-C44D-43E8-9B3E-8051F8659889}
	EndGlobalSection
EndGlobal
